// !$*UTF8*$!
{
	archiveVersion = 1;
	classes = {
	};
	objectVersion = 77;
	objects = {

/* Begin PBXContainerItemProxy section */
		2A8A8C532CB68B9A001C891D /* PBXContainerItemProxy */ = {
			isa = PBXContainerItemProxy;
			containerPortal = 2A8A8C3A2CB68B96001C891D /* Project object */;
			proxyType = 1;
			remoteGlobalIDString = 2A8A8C412CB68B96001C891D;
			remoteInfo = "Stock App";
		};
		2A8A8C5D2CB68B9A001C891D /* PBXContainerItemProxy */ = {
			isa = PBXContainerItemProxy;
			containerPortal = 2A8A8C3A2CB68B96001C891D /* Project object */;
			proxyType = 1;
			remoteGlobalIDString = 2A8A8C412CB68B96001C891D;
			remoteInfo = "Stock App";
		};
/* End PBXContainerItemProxy section */

/* Begin PBXFileReference section */
		2A8A8C422CB68B96001C891D /* Stocky.app */ = {isa = PBXFileReference; explicitFileType = wrapper.application; includeInIndex = 0; path = Stocky.app; sourceTree = BUILT_PRODUCTS_DIR; };
		2A8A8C522CB68B9A001C891D /* StockyTests.xctest */ = {isa = PBXFileReference; explicitFileType = wrapper.cfbundle; includeInIndex = 0; path = StockyTests.xctest; sourceTree = BUILT_PRODUCTS_DIR; };
		2A8A8C5C2CB68B9A001C891D /* StockyUITests.xctest */ = {isa = PBXFileReference; explicitFileType = wrapper.cfbundle; includeInIndex = 0; path = StockyUITests.xctest; sourceTree = BUILT_PRODUCTS_DIR; };
		2A8C114C2CB6F938001F8D8B /* Stocky-Info.plist */ = {isa = PBXFileReference; lastKnownFileType = text.plist; path = "Stocky-Info.plist"; sourceTree = "<group>"; };
/* End PBXFileReference section */

/* Begin PBXFileSystemSynchronizedRootGroup section */
		2A8A8C442CB68B96001C891D /* Stock App */ = {
			isa = PBXFileSystemSynchronizedRootGroup;
			path = "Stock App";
			sourceTree = "<group>";
		};
		2A8A8C552CB68B9A001C891D /* Stock AppTests */ = {
			isa = PBXFileSystemSynchronizedRootGroup;
			path = "Stock AppTests";
			sourceTree = "<group>";
		};
		2A8A8C5F2CB68B9A001C891D /* Stock AppUITests */ = {
			isa = PBXFileSystemSynchronizedRootGroup;
			path = "Stock AppUITests";
			sourceTree = "<group>";
		};
/* End PBXFileSystemSynchronizedRootGroup section */

/* Begin PBXFrameworksBuildPhase section */
		2A8A8C3F2CB68B96001C891D /* Frameworks */ = {
			isa = PBXFrameworksBuildPhase;
			buildActionMask = 2147483647;
			files = (
			);
			runOnlyForDeploymentPostprocessing = 0;
		};
		2A8A8C4F2CB68B9A001C891D /* Frameworks */ = {
			isa = PBXFrameworksBuildPhase;
			buildActionMask = 2147483647;
			files = (
			);
			runOnlyForDeploymentPostprocessing = 0;
		};
		2A8A8C592CB68B9A001C891D /* Frameworks */ = {
			isa = PBXFrameworksBuildPhase;
			buildActionMask = 2147483647;
			files = (
			);
			runOnlyForDeploymentPostprocessing = 0;
		};
/* End PBXFrameworksBuildPhase section */

/* Begin PBXGroup section */
		2A8A8C392CB68B96001C891D = {
			isa = PBXGroup;
			children = (
				2A8C114C2CB6F938001F8D8B /* Stocky-Info.plist */,
				2A8A8C442CB68B96001C891D /* Stock App */,
				2A8A8C552CB68B9A001C891D /* Stock AppTests */,
				2A8A8C5F2CB68B9A001C891D /* Stock AppUITests */,
				2A8A8C432CB68B96001C891D /* Products */,
			);
			sourceTree = "<group>";
		};
		2A8A8C432CB68B96001C891D /* Products */ = {
			isa = PBXGroup;
			children = (
				2A8A8C422CB68B96001C891D /* Stocky.app */,
				2A8A8C522CB68B9A001C891D /* StockyTests.xctest */,
				2A8A8C5C2CB68B9A001C891D /* StockyUITests.xctest */,
			);
			name = Products;
			sourceTree = "<group>";
		};
/* End PBXGroup section */

/* Begin PBXNativeTarget section */
		2A8A8C412CB68B96001C891D /* Stocky */ = {
			isa = PBXNativeTarget;
			buildConfigurationList = 2A8A8C662CB68B9A001C891D /* Build configuration list for PBXNativeTarget "Stocky" */;
			buildPhases = (
				2A8A8C3E2CB68B96001C891D /* Sources */,
				2A8A8C3F2CB68B96001C891D /* Frameworks */,
				2A8A8C402CB68B96001C891D /* Resources */,
			);
			buildRules = (
			);
			dependencies = (
			);
			fileSystemSynchronizedGroups = (
				2A8A8C442CB68B96001C891D /* Stock App */,
			);
			name = Stocky;
			packageProductDependencies = (
			);
			productName = "Stock App";
			productReference = 2A8A8C422CB68B96001C891D /* Stocky.app */;
			productType = "com.apple.product-type.application";
		};
		2A8A8C512CB68B9A001C891D /* StockyTests */ = {
			isa = PBXNativeTarget;
			buildConfigurationList = 2A8A8C692CB68B9A001C891D /* Build configuration list for PBXNativeTarget "StockyTests" */;
			buildPhases = (
				2A8A8C4E2CB68B9A001C891D /* Sources */,
				2A8A8C4F2CB68B9A001C891D /* Frameworks */,
				2A8A8C502CB68B9A001C891D /* Resources */,
			);
			buildRules = (
			);
			dependencies = (
				2A8A8C542CB68B9A001C891D /* PBXTargetDependency */,
			);
			fileSystemSynchronizedGroups = (
				2A8A8C552CB68B9A001C891D /* Stock AppTests */,
			);
			name = StockyTests;
			packageProductDependencies = (
			);
			productName = "Stock AppTests";
			productReference = 2A8A8C522CB68B9A001C891D /* StockyTests.xctest */;
			productType = "com.apple.product-type.bundle.unit-test";
		};
		2A8A8C5B2CB68B9A001C891D /* StockyUITests */ = {
			isa = PBXNativeTarget;
			buildConfigurationList = 2A8A8C6C2CB68B9A001C891D /* Build configuration list for PBXNativeTarget "StockyUITests" */;
			buildPhases = (
				2A8A8C582CB68B9A001C891D /* Sources */,
				2A8A8C592CB68B9A001C891D /* Frameworks */,
				2A8A8C5A2CB68B9A001C891D /* Resources */,
			);
			buildRules = (
			);
			dependencies = (
				2A8A8C5E2CB68B9A001C891D /* PBXTargetDependency */,
			);
			fileSystemSynchronizedGroups = (
				2A8A8C5F2CB68B9A001C891D /* Stock AppUITests */,
			);
			name = StockyUITests;
			packageProductDependencies = (
			);
			productName = "Stock AppUITests";
			productReference = 2A8A8C5C2CB68B9A001C891D /* StockyUITests.xctest */;
			productType = "com.apple.product-type.bundle.ui-testing";
		};
/* End PBXNativeTarget section */

/* Begin PBXProject section */
		2A8A8C3A2CB68B96001C891D /* Project object */ = {
			isa = PBXProject;
			attributes = {
				BuildIndependentTargetsInParallel = 1;
				LastSwiftUpdateCheck = 1600;
				LastUpgradeCheck = 1600;
				TargetAttributes = {
					2A8A8C412CB68B96001C891D = {
						CreatedOnToolsVersion = 16.0;
					};
					2A8A8C512CB68B9A001C891D = {
						CreatedOnToolsVersion = 16.0;
						TestTargetID = 2A8A8C412CB68B96001C891D;
					};
					2A8A8C5B2CB68B9A001C891D = {
						CreatedOnToolsVersion = 16.0;
						TestTargetID = 2A8A8C412CB68B96001C891D;
					};
				};
			};
			buildConfigurationList = 2A8A8C3D2CB68B96001C891D /* Build configuration list for PBXProject "Stocky" */;
			developmentRegion = en;
			hasScannedForEncodings = 0;
			knownRegions = (
				en,
				Base,
			);
			mainGroup = 2A8A8C392CB68B96001C891D;
			minimizedProjectReferenceProxies = 1;
			preferredProjectObjectVersion = 77;
			productRefGroup = 2A8A8C432CB68B96001C891D /* Products */;
			projectDirPath = "";
			projectRoot = "";
			targets = (
				2A8A8C412CB68B96001C891D /* Stocky */,
				2A8A8C512CB68B9A001C891D /* StockyTests */,
				2A8A8C5B2CB68B9A001C891D /* StockyUITests */,
			);
		};
/* End PBXProject section */

/* Begin PBXResourcesBuildPhase section */
		2A8A8C402CB68B96001C891D /* Resources */ = {
			isa = PBXResourcesBuildPhase;
			buildActionMask = 2147483647;
			files = (
			);
			runOnlyForDeploymentPostprocessing = 0;
		};
		2A8A8C502CB68B9A001C891D /* Resources */ = {
			isa = PBXResourcesBuildPhase;
			buildActionMask = 2147483647;
			files = (
			);
			runOnlyForDeploymentPostprocessing = 0;
		};
		2A8A8C5A2CB68B9A001C891D /* Resources */ = {
			isa = PBXResourcesBuildPhase;
			buildActionMask = 2147483647;
			files = (
			);
			runOnlyForDeploymentPostprocessing = 0;
		};
/* End PBXResourcesBuildPhase section */

/* Begin PBXSourcesBuildPhase section */
		2A8A8C3E2CB68B96001C891D /* Sources */ = {
			isa = PBXSourcesBuildPhase;
			buildActionMask = 2147483647;
			files = (
			);
			runOnlyForDeploymentPostprocessing = 0;
		};
		2A8A8C4E2CB68B9A001C891D /* Sources */ = {
			isa = PBXSourcesBuildPhase;
			buildActionMask = 2147483647;
			files = (
			);
			runOnlyForDeploymentPostprocessing = 0;
		};
		2A8A8C582CB68B9A001C891D /* Sources */ = {
			isa = PBXSourcesBuildPhase;
			buildActionMask = 2147483647;
			files = (
			);
			runOnlyForDeploymentPostprocessing = 0;
		};
/* End PBXSourcesBuildPhase section */

/* Begin PBXTargetDependency section */
		2A8A8C542CB68B9A001C891D /* PBXTargetDependency */ = {
			isa = PBXTargetDependency;
			target = 2A8A8C412CB68B96001C891D /* Stocky */;
			targetProxy = 2A8A8C532CB68B9A001C891D /* PBXContainerItemProxy */;
		};
		2A8A8C5E2CB68B9A001C891D /* PBXTargetDependency */ = {
			isa = PBXTargetDependency;
			target = 2A8A8C412CB68B96001C891D /* Stocky */;
			targetProxy = 2A8A8C5D2CB68B9A001C891D /* PBXContainerItemProxy */;
		};
/* End PBXTargetDependency section */

/* Begin XCBuildConfiguration section */
		2A8A8C642CB68B9A001C891D /* Debug */ = {
			isa = XCBuildConfiguration;
			buildSettings = {
				ALWAYS_SEARCH_USER_PATHS = NO;
				ASSETCATALOG_COMPILER_GENERATE_SWIFT_ASSET_SYMBOL_EXTENSIONS = YES;
				CLANG_ANALYZER_NONNULL = YES;
				CLANG_ANALYZER_NUMBER_OBJECT_CONVERSION = YES_AGGRESSIVE;
				CLANG_CXX_LANGUAGE_STANDARD = "gnu++20";
				CLANG_ENABLE_MODULES = YES;
				CLANG_ENABLE_OBJC_ARC = YES;
				CLANG_ENABLE_OBJC_WEAK = YES;
				CLANG_WARN_BLOCK_CAPTURE_AUTORELEASING = YES;
				CLANG_WARN_BOOL_CONVERSION = YES;
				CLANG_WARN_COMMA = YES;
				CLANG_WARN_CONSTANT_CONVERSION = YES;
				CLANG_WARN_DEPRECATED_OBJC_IMPLEMENTATIONS = YES;
				CLANG_WARN_DIRECT_OBJC_ISA_USAGE = YES_ERROR;
				CLANG_WARN_DOCUMENTATION_COMMENTS = YES;
				CLANG_WARN_EMPTY_BODY = YES;
				CLANG_WARN_ENUM_CONVERSION = YES;
				CLANG_WARN_INFINITE_RECURSION = YES;
				CLANG_WARN_INT_CONVERSION = YES;
				CLANG_WARN_NON_LITERAL_NULL_CONVERSION = YES;
				CLANG_WARN_OBJC_IMPLICIT_RETAIN_SELF = YES;
				CLANG_WARN_OBJC_LITERAL_CONVERSION = YES;
				CLANG_WARN_OBJC_ROOT_CLASS = YES_ERROR;
				CLANG_WARN_QUOTED_INCLUDE_IN_FRAMEWORK_HEADER = YES;
				CLANG_WARN_RANGE_LOOP_ANALYSIS = YES;
				CLANG_WARN_STRICT_PROTOTYPES = YES;
				CLANG_WARN_SUSPICIOUS_MOVE = YES;
				CLANG_WARN_UNGUARDED_AVAILABILITY = YES_AGGRESSIVE;
				CLANG_WARN_UNREACHABLE_CODE = YES;
				CLANG_WARN__DUPLICATE_METHOD_MATCH = YES;
				COPY_PHASE_STRIP = NO;
				DEBUG_INFORMATION_FORMAT = dwarf;
				ENABLE_STRICT_OBJC_MSGSEND = YES;
				ENABLE_TESTABILITY = YES;
				ENABLE_USER_SCRIPT_SANDBOXING = YES;
				GCC_C_LANGUAGE_STANDARD = gnu17;
				GCC_DYNAMIC_NO_PIC = NO;
				GCC_NO_COMMON_BLOCKS = YES;
				GCC_OPTIMIZATION_LEVEL = 0;
				GCC_PREPROCESSOR_DEFINITIONS = (
					"DEBUG=1",
					"$(inherited)",
				);
				GCC_WARN_64_TO_32_BIT_CONVERSION = YES;
				GCC_WARN_ABOUT_RETURN_TYPE = YES_ERROR;
				GCC_WARN_UNDECLARED_SELECTOR = YES;
				GCC_WARN_UNINITIALIZED_AUTOS = YES_AGGRESSIVE;
				GCC_WARN_UNUSED_FUNCTION = YES;
				GCC_WARN_UNUSED_VARIABLE = YES;
				IPHONEOS_DEPLOYMENT_TARGET = 18.0;
				LOCALIZATION_PREFERS_STRING_CATALOGS = YES;
				MTL_ENABLE_DEBUG_INFO = INCLUDE_SOURCE;
				MTL_FAST_MATH = YES;
				ONLY_ACTIVE_ARCH = YES;
				SDKROOT = iphoneos;
				SWIFT_ACTIVE_COMPILATION_CONDITIONS = "DEBUG $(inherited)";
				SWIFT_OPTIMIZATION_LEVEL = "-Onone";
			};
			name = Debug;
		};
		2A8A8C652CB68B9A001C891D /* Release */ = {
			isa = XCBuildConfiguration;
			buildSettings = {
				ALWAYS_SEARCH_USER_PATHS = NO;
				ASSETCATALOG_COMPILER_GENERATE_SWIFT_ASSET_SYMBOL_EXTENSIONS = YES;
				CLANG_ANALYZER_NONNULL = YES;
				CLANG_ANALYZER_NUMBER_OBJECT_CONVERSION = YES_AGGRESSIVE;
				CLANG_CXX_LANGUAGE_STANDARD = "gnu++20";
				CLANG_ENABLE_MODULES = YES;
				CLANG_ENABLE_OBJC_ARC = YES;
				CLANG_ENABLE_OBJC_WEAK = YES;
				CLANG_WARN_BLOCK_CAPTURE_AUTORELEASING = YES;
				CLANG_WARN_BOOL_CONVERSION = YES;
				CLANG_WARN_COMMA = YES;
				CLANG_WARN_CONSTANT_CONVERSION = YES;
				CLANG_WARN_DEPRECATED_OBJC_IMPLEMENTATIONS = YES;
				CLANG_WARN_DIRECT_OBJC_ISA_USAGE = YES_ERROR;
				CLANG_WARN_DOCUMENTATION_COMMENTS = YES;
				CLANG_WARN_EMPTY_BODY = YES;
				CLANG_WARN_ENUM_CONVERSION = YES;
				CLANG_WARN_INFINITE_RECURSION = YES;
				CLANG_WARN_INT_CONVERSION = YES;
				CLANG_WARN_NON_LITERAL_NULL_CONVERSION = YES;
				CLANG_WARN_OBJC_IMPLICIT_RETAIN_SELF = YES;
				CLANG_WARN_OBJC_LITERAL_CONVERSION = YES;
				CLANG_WARN_OBJC_ROOT_CLASS = YES_ERROR;
				CLANG_WARN_QUOTED_INCLUDE_IN_FRAMEWORK_HEADER = YES;
				CLANG_WARN_RANGE_LOOP_ANALYSIS = YES;
				CLANG_WARN_STRICT_PROTOTYPES = YES;
				CLANG_WARN_SUSPICIOUS_MOVE = YES;
				CLANG_WARN_UNGUARDED_AVAILABILITY = YES_AGGRESSIVE;
				CLANG_WARN_UNREACHABLE_CODE = YES;
				CLANG_WARN__DUPLICATE_METHOD_MATCH = YES;
				COPY_PHASE_STRIP = NO;
				DEBUG_INFORMATION_FORMAT = "dwarf-with-dsym";
				ENABLE_NS_ASSERTIONS = NO;
				ENABLE_STRICT_OBJC_MSGSEND = YES;
				ENABLE_USER_SCRIPT_SANDBOXING = YES;
				GCC_C_LANGUAGE_STANDARD = gnu17;
				GCC_NO_COMMON_BLOCKS = YES;
				GCC_WARN_64_TO_32_BIT_CONVERSION = YES;
				GCC_WARN_ABOUT_RETURN_TYPE = YES_ERROR;
				GCC_WARN_UNDECLARED_SELECTOR = YES;
				GCC_WARN_UNINITIALIZED_AUTOS = YES_AGGRESSIVE;
				GCC_WARN_UNUSED_FUNCTION = YES;
				GCC_WARN_UNUSED_VARIABLE = YES;
				IPHONEOS_DEPLOYMENT_TARGET = 18.0;
				LOCALIZATION_PREFERS_STRING_CATALOGS = YES;
				MTL_ENABLE_DEBUG_INFO = NO;
				MTL_FAST_MATH = YES;
				SDKROOT = iphoneos;
				SWIFT_COMPILATION_MODE = wholemodule;
				VALIDATE_PRODUCT = YES;
			};
			name = Release;
		};
		2A8A8C672CB68B9A001C891D /* Debug */ = {
			isa = XCBuildConfiguration;
			buildSettings = {
				ASSETCATALOG_COMPILER_APPICON_NAME = AppIcon;
				ASSETCATALOG_COMPILER_GLOBAL_ACCENT_COLOR_NAME = AccentColor;
				CODE_SIGN_STYLE = Automatic;
				CURRENT_PROJECT_VERSION = 1;
				DEVELOPMENT_ASSET_PATHS = "\"Stock App/Preview Content\"";
				DEVELOPMENT_TEAM = FGRG575HYX;
				ENABLE_PREVIEWS = YES;
				GENERATE_INFOPLIST_FILE = YES;
				INFOPLIST_FILE = "Stocky-Info.plist";
				INFOPLIST_KEY_UIApplicationSceneManifest_Generation = YES;
				INFOPLIST_KEY_UIApplicationSupportsIndirectInputEvents = YES;
				INFOPLIST_KEY_UILaunchScreen_Generation = YES;
				INFOPLIST_KEY_UISupportedInterfaceOrientations_iPad = "UIInterfaceOrientationPortrait UIInterfaceOrientationPortraitUpsideDown UIInterfaceOrientationLandscapeLeft UIInterfaceOrientationLandscapeRight";
				INFOPLIST_KEY_UISupportedInterfaceOrientations_iPhone = "UIInterfaceOrientationPortrait UIInterfaceOrientationLandscapeLeft UIInterfaceOrientationLandscapeRight";
				LD_RUNPATH_SEARCH_PATHS = (
					"$(inherited)",
					"@executable_path/Frameworks",
				);
				MARKETING_VERSION = 1.0;
				PRODUCT_BUNDLE_IDENTIFIER = "dislab.Stock-App";
				PRODUCT_NAME = "$(TARGET_NAME)";
				SWIFT_EMIT_LOC_STRINGS = YES;
				SWIFT_VERSION = 5.0;
				TARGETED_DEVICE_FAMILY = "1,2";
			};
			name = Debug;
		};
		2A8A8C682CB68B9A001C891D /* Release */ = {
			isa = XCBuildConfiguration;
			buildSettings = {
				ASSETCATALOG_COMPILER_APPICON_NAME = AppIcon;
				ASSETCATALOG_COMPILER_GLOBAL_ACCENT_COLOR_NAME = AccentColor;
				CODE_SIGN_STYLE = Automatic;
				CURRENT_PROJECT_VERSION = 1;
				DEVELOPMENT_ASSET_PATHS = "\"Stock App/Preview Content\"";
				DEVELOPMENT_TEAM = FGRG575HYX;
				ENABLE_PREVIEWS = YES;
				GENERATE_INFOPLIST_FILE = YES;
				INFOPLIST_FILE = "Stocky-Info.plist";
				INFOPLIST_KEY_UIApplicationSceneManifest_Generation = YES;
				INFOPLIST_KEY_UIApplicationSupportsIndirectInputEvents = YES;
				INFOPLIST_KEY_UILaunchScreen_Generation = YES;
				INFOPLIST_KEY_UISupportedInterfaceOrientations_iPad = "UIInterfaceOrientationPortrait UIInterfaceOrientationPortraitUpsideDown UIInterfaceOrientationLandscapeLeft UIInterfaceOrientationLandscapeRight";
				INFOPLIST_KEY_UISupportedInterfaceOrientations_iPhone = "UIInterfaceOrientationPortrait UIInterfaceOrientationLandscapeLeft UIInterfaceOrientationLandscapeRight";
				LD_RUNPATH_SEARCH_PATHS = (
					"$(inherited)",
					"@executable_path/Frameworks",
				);
				MARKETING_VERSION = 1.0;
				PRODUCT_BUNDLE_IDENTIFIER = "dislab.Stock-App";
				PRODUCT_NAME = "$(TARGET_NAME)";
				SWIFT_EMIT_LOC_STRINGS = YES;
				SWIFT_VERSION = 5.0;
				TARGETED_DEVICE_FAMILY = "1,2";
			};
			name = Release;
		};
		2A8A8C6A2CB68B9A001C891D /* Debug */ = {
			isa = XCBuildConfiguration;
			buildSettings = {
				BUNDLE_LOADER = "$(TEST_HOST)";
				CODE_SIGN_STYLE = Automatic;
				CURRENT_PROJECT_VERSION = 1;
				GENERATE_INFOPLIST_FILE = YES;
				IPHONEOS_DEPLOYMENT_TARGET = 18.0;
				MARKETING_VERSION = 1.0;
				PRODUCT_BUNDLE_IDENTIFIER = "dislab.Stock-AppTests";
				PRODUCT_NAME = "$(TARGET_NAME)";
				SWIFT_EMIT_LOC_STRINGS = NO;
				SWIFT_VERSION = 5.0;
				TARGETED_DEVICE_FAMILY = "1,2";
				TEST_HOST = "$(BUILT_PRODUCTS_DIR)/Stocky.app/$(BUNDLE_EXECUTABLE_FOLDER_PATH)/Stocky";
			};
			name = Debug;
		};
		2A8A8C6B2CB68B9A001C891D /* Release */ = {
			isa = XCBuildConfiguration;
			buildSettings = {
				BUNDLE_LOADER = "$(TEST_HOST)";
				CODE_SIGN_STYLE = Automatic;
				CURRENT_PROJECT_VERSION = 1;
				GENERATE_INFOPLIST_FILE = YES;
				IPHONEOS_DEPLOYMENT_TARGET = 18.0;
				MARKETING_VERSION = 1.0;
				PRODUCT_BUNDLE_IDENTIFIER = "dislab.Stock-AppTests";
				PRODUCT_NAME = "$(TARGET_NAME)";
				SWIFT_EMIT_LOC_STRINGS = NO;
				SWIFT_VERSION = 5.0;
				TARGETED_DEVICE_FAMILY = "1,2";
				TEST_HOST = "$(BUILT_PRODUCTS_DIR)/Stocky.app/$(BUNDLE_EXECUTABLE_FOLDER_PATH)/Stocky";
			};
			name = Release;
		};
		2A8A8C6D2CB68B9A001C891D /* Debug */ = {
			isa = XCBuildConfiguration;
			buildSettings = {
				CODE_SIGN_STYLE = Automatic;
				CURRENT_PROJECT_VERSION = 1;
				GENERATE_INFOPLIST_FILE = YES;
				MARKETING_VERSION = 1.0;
				PRODUCT_BUNDLE_IDENTIFIER = "dislab.Stock-AppUITests";
				PRODUCT_NAME = "$(TARGET_NAME)";
				SWIFT_EMIT_LOC_STRINGS = NO;
				SWIFT_VERSION = 5.0;
				TARGETED_DEVICE_FAMILY = "1,2";
				TEST_TARGET_NAME = "Stock App";
			};
			name = Debug;
		};
		2A8A8C6E2CB68B9A001C891D /* Release */ = {
			isa = XCBuildConfiguration;
			buildSettings = {
				CODE_SIGN_STYLE = Automatic;
				CURRENT_PROJECT_VERSION = 1;
				GENERATE_INFOPLIST_FILE = YES;
				MARKETING_VERSION = 1.0;
				PRODUCT_BUNDLE_IDENTIFIER = "dislab.Stock-AppUITests";
				PRODUCT_NAME = "$(TARGET_NAME)";
				SWIFT_EMIT_LOC_STRINGS = NO;
				SWIFT_VERSION = 5.0;
				TARGETED_DEVICE_FAMILY = "1,2";
				TEST_TARGET_NAME = "Stock App";
			};
			name = Release;
		};
/* End XCBuildConfiguration section */

/* Begin XCConfigurationList section */
		2A8A8C3D2CB68B96001C891D /* Build configuration list for PBXProject "Stocky" */ = {
			isa = XCConfigurationList;
			buildConfigurations = (
				2A8A8C642CB68B9A001C891D /* Debug */,
				2A8A8C652CB68B9A001C891D /* Release */,
			);
			defaultConfigurationIsVisible = 0;
			defaultConfigurationName = Release;
		};
		2A8A8C662CB68B9A001C891D /* Build configuration list for PBXNativeTarget "Stocky" */ = {
			isa = XCConfigurationList;
			buildConfigurations = (
				2A8A8C672CB68B9A001C891D /* Debug */,
				2A8A8C682CB68B9A001C891D /* Release */,
			);
			defaultConfigurationIsVisible = 0;
			defaultConfigurationName = Release;
		};
		2A8A8C692CB68B9A001C891D /* Build configuration list for PBXNativeTarget "StockyTests" */ = {
			isa = XCConfigurationList;
			buildConfigurations = (
				2A8A8C6A2CB68B9A001C891D /* Debug */,
				2A8A8C6B2CB68B9A001C891D /* Release */,
			);
			defaultConfigurationIsVisible = 0;
			defaultConfigurationName = Release;
		};
		2A8A8C6C2CB68B9A001C891D /* Build configuration list for PBXNativeTarget "StockyUITests" */ = {
			isa = XCConfigurationList;
			buildConfigurations = (
				2A8A8C6D2CB68B9A001C891D /* Debug */,
				2A8A8C6E2CB68B9A001C891D /* Release */,
			);
			defaultConfigurationIsVisible = 0;
			defaultConfigurationName = Release;
		};
/* End XCConfigurationList section */
	};
	rootObject = 2A8A8C3A2CB68B96001C891D /* Project object */;
}
